
Microsoft Visual Studio Solution File, Format Version 12.00
# Visual Studio 15
VisualStudioVersion = 15.0.27130.2010
MinimumVisualStudioVersion = 10.0.40219.1
Project("{FAE04EC0-301F-11D3-BF4B-00C04F79EFBC}") = "MathQuiz", "MathQuiz\MathQuiz.csproj", "{D9B4EB07-67EB-45BD-BE42-2CC9FE457B48}"
EndProject
Global
	GlobalSection(SolutionConfigurationPlatforms) = preSolution
		Debug|Any CPU = Debug|Any CPU
		Release|Any CPU = Release|Any CPU
	EndGlobalSection
	GlobalSection(ProjectConfigurationPlatforms) = postSolution
		{D9B4EB07-67EB-45BD-BE42-2CC9FE457B48}.Debug|Any CPU.ActiveCfg = Debug|Any CPU
		{D9B4EB07-67EB-45BD-BE42-2CC9FE457B48}.Debug|Any CPU.Build.0 = Debug|Any CPU
		{D9B4EB07-67EB-45BD-BE42-2CC9FE457B48}.Release|Any CPU.ActiveCfg = Release|Any CPU
		{D9B4EB07-67EB-45BD-BE42-2CC9FE457B48}.Release|Any CPU.Build.0 = Release|Any CPU
	EndGlobalSection
	GlobalSection(SolutionProperties) = preSolution
		HideSolutionNode = FALSE
	EndGlobalSection
	GlobalSection(ExtensibilityGlobals) = postSolution
		SolutionGuid = {906933DF-B139-42F9-9313-17CF5F9B9991}
	EndGlobalSection
EndGlobal
